<?xml version="1.0" encoding="utf-8"?>
<Project ToolsVersion="4.0" xmlns="http://schemas.microsoft.com/developer/msbuild/2003">
  <ItemGroup>
    <Filter Include="Generated Files">
      <UniqueIdentifier>{71ED8ED8-ACB9-4CE9-BBE1-E00B30144E11}</UniqueIdentifier>
      <Extensions>cpp;c;cxx;moc;h;def;odl;idl;res;</Extensions>
    </Filter>
    <Filter Include="Generated Files">
      <UniqueIdentifier>{71ED8ED8-ACB9-4CE9-BBE1-E00B30144E11}</UniqueIdentifier>
      <Extensions>cpp;c;cxx;moc;h;def;odl;idl;res;</Extensions>
    </Filter>
    <Filter Include="Header Files">
      <UniqueIdentifier>{93995380-89BD-4b04-88EB-625FBE52EBFB}</UniqueIdentifier>
      <Extensions>h;hpp;hxx;hm;inl;inc;xsd</Extensions>
    </Filter>
    <Filter Include="Header Files">
      <UniqueIdentifier>{93995380-89BD-4b04-88EB-625FBE52EBFB}</UniqueIdentifier>
      <Extensions>h;hpp;hxx;hm;inl;inc;xsd</Extensions>
    </Filter>
    <Filter Include="Resource Files">
      <UniqueIdentifier>{D9D6E242-F8AF-46E4-B9FD-80ECBC20BA3E}</UniqueIdentifier>
      <Extensions>qrc;*</Extensions>
      <ParseFiles>false</ParseFiles>
    </Filter>
    <Filter Include="Resource Files">
      <UniqueIdentifier>{D9D6E242-F8AF-46E4-B9FD-80ECBC20BA3E}</UniqueIdentifier>
      <Extensions>qrc;*</Extensions>
      <ParseFiles>false</ParseFiles>
    </Filter>
    <Filter Include="Source Files">
      <UniqueIdentifier>{4FC737F1-C7A5-4376-A066-2A32D752A2FF}</UniqueIdentifier>
      <Extensions>cpp;c;cxx;def;odl;idl;hpj;bat;asm;asmx</Extensions>
    </Filter>
    <Filter Include="Source Files">
      <UniqueIdentifier>{4FC737F1-C7A5-4376-A066-2A32D752A2FF}</UniqueIdentifier>
      <Extensions>cpp;c;cxx;def;odl;idl;hpj;bat;asm;asmx</Extensions>
    </Filter>
    <Filter Include="Header Files\qrcode">
      <UniqueIdentifier>{1f430ce0-bca1-4e50-9401-3e891b3fbcdd}</UniqueIdentifier>
    </Filter>
    <Filter Include="Source Files\qrcode">
      <UniqueIdentifier>{b3056e79-b075-426c-afd0-d3d5490ff590}</UniqueIdentifier>
    </Filter>
    <Filter Include="Generated Files\uic">
      <UniqueIdentifier>{f924c3e7-8fac-436d-817f-c6eca920c3b3}</UniqueIdentifier>
    </Filter>
    <Filter Include="Generated Files\Release">
      <UniqueIdentifier>{ef6da960-340f-427e-8b6e-aa42817aeaa6}</UniqueIdentifier>
    </Filter>
  </ItemGroup>
  <ItemGroup>
    <QtRcc Include="edit_fab.qrc">
      <Filter>Resource Files</Filter>
    </QtRcc>
  </ItemGroup>
  <ItemGroup>
    <ClCompile Include="edit_fab_factory.cpp">
      <Filter>Source Files</Filter>
    </ClCompile>
    <ClCompile Include="..\..\external\qrcode\bitstream.c">
      <Filter>Source Files\qrcode</Filter>
    </ClCompile>
    <ClCompile Include="..\..\external\qrcode\mask.c">
      <Filter>Source Files\qrcode</Filter>
    </ClCompile>
    <ClCompile Include="..\..\external\qrcode\mmask.c">
      <Filter>Source Files\qrcode</Filter>
    </ClCompile>
    <ClCompile Include="..\..\external\qrcode\mqrspec.c">
      <Filter>Source Files\qrcode</Filter>
    </ClCompile>
    <ClCompile Include="..\..\external\qrcode\qrencode.c">
      <Filter>Source Files\qrcode</Filter>
    </ClCompile>
    <ClCompile Include="..\..\external\qrcode\qrinput.c">
      <Filter>Source Files\qrcode</Filter>
    </ClCompile>
    <ClCompile Include="..\..\external\qrcode\qrspec.c">
      <Filter>Source Files\qrcode</Filter>
    </ClCompile>
    <ClCompile Include="..\..\external\qrcode\rsecc.c">
      <Filter>Source Files\qrcode</Filter>
    </ClCompile>
    <ClCompile Include="..\..\external\qrcode\split.c">
      <Filter>Source Files\qrcode</Filter>
    </ClCompile>
    <ClCompile Include="..\..\..\vcglib\wrap\gui\coordinateframe.cpp">
      <Filter>Source Files</Filter>
    </ClCompile>
    <ClCompile Include="process_edit.cpp">
      <Filter>Source Files</Filter>
    </ClCompile>
  </ItemGroup>
  <ItemGroup>
    <QtMoc Include="edit_fab_factory.h">
      <Filter>Header Files</Filter>
    </QtMoc>
    <QtMoc Include="process_edit.h">
      <Filter>Header Files</Filter>
    </QtMoc>
  </ItemGroup>
  <ItemGroup>
    <ClInclude Include="common_func.h">
      <Filter>Header Files</Filter>
    </ClInclude>
    <ClInclude Include="..\..\external\qrcode\bitstream.h">
      <Filter>Header Files\qrcode</Filter>
    </ClInclude>
    <ClInclude Include="..\..\external\qrcode\config.h">
      <Filter>Header Files\qrcode</Filter>
    </ClInclude>
    <ClInclude Include="..\..\external\qrcode\mask.h">
      <Filter>Header Files\qrcode</Filter>
    </ClInclude>
    <ClInclude Include="..\..\external\qrcode\mmask.h">
      <Filter>Header Files\qrcode</Filter>
    </ClInclude>
    <ClInclude Include="..\..\external\qrcode\mqrspec.h">
      <Filter>Header Files\qrcode</Filter>
    </ClInclude>
    <ClInclude Include="..\..\external\qrcode\qrencode.h">
      <Filter>Header Files\qrcode</Filter>
    </ClInclude>
    <ClInclude Include="..\..\external\qrcode\qrencode_inner.h">
      <Filter>Header Files\qrcode</Filter>
    </ClInclude>
    <ClInclude Include="..\..\external\qrcode\qrinput.h">
      <Filter>Header Files\qrcode</Filter>
    </ClInclude>
    <ClInclude Include="..\..\external\qrcode\qrspec.h">
      <Filter>Header Files\qrcode</Filter>
    </ClInclude>
    <ClInclude Include="..\..\external\qrcode\rsecc.h">
      <Filter>Header Files\qrcode</Filter>
    </ClInclude>
    <ClInclude Include="..\..\external\qrcode\split.h">
      <Filter>Header Files\qrcode</Filter>
    </ClInclude>
    <ClInclude Include="..\..\..\vcglib\wrap\gui\coordinateframe.h">
      <Filter>Header Files</Filter>
    </ClInclude>
    <ClInclude Include="release\uic\ui_hollow_parameter.h">
      <Filter>Generated Files\uic</Filter>
    </ClInclude>
    <ClInclude Include="Release\uic\ui_settting_parameter.h">
      <Filter>Generated Files\uic</Filter>
    </ClInclude>
    <ClInclude Include="Release\uic\ui_setting_parameter.h">
      <Filter>Generated Files\uic</Filter>
    </ClInclude>
  </ItemGroup>
  <ItemGroup>
    <QtUic Include="UI\setting_parameter.ui">
      <Filter>Resource Files</Filter>
    </QtUic>
  </ItemGroup>
</Project>